{
  "name": "red-steer",
  "version": "0.0.6",
  "lockfileVersion": 1,
  "requires": true,
  "dependencies": {
    "vectors-2d": {
      "version": "0.1.1",
      "resolved": "https://registry.npmjs.org/vectors-2d/-/vectors-2d-0.1.1.tgz",
      "integrity": "sha512-70kYFDD4qGaOhfGG1hthItmb+dY9GecsgDuzgMS2Zi9S75ILuFpMt3H2ZY1n4QGvH3nqvfvxeONXOWvAbwZysw=="
    }
  }
}
