{
  "name": "red-steer",
  "version": "0.0.0",
  "lockfileVersion": 1,
  "requires": true,
  "dependencies": {
    "vectors-2d": {
      "version": "1.1.2",
      "resolved": "https://registry.npmjs.org/vectors-2d/-/vectors-2d-1.1.2.tgz",
      "integrity": "sha512-LG/etWXGANIllPIZtHZh6pZXnxK8VEcssOr75i3kKABDup9/z506kuQIzmuMB9G5h9nbOC1AZixZSuJPXtWoMw=="
    }
  }
}
