{
  "name": "red-steer",
  "version": "0.0.2",
  "lockfileVersion": 1,
  "requires": true,
  "dependencies": {
    "vectors-2d": {
      "version": "0.1.0",
      "resolved": "https://registry.npmjs.org/vectors-2d/-/vectors-2d-0.1.0.tgz",
      "integrity": "sha512-zqKOru7w2k2iAECL2WOIegmU9/FYc/lmHvOLrifjW8HoC5J4ZjSiCNowro9DplS3P4/QGf/PvtQej2s+z5XEag=="
    }
  }
}
